
Microsoft Visual Studio Solution File, Format Version 12.00
# Visual Studio 15
VisualStudioVersion = 15.0.28307.271
MinimumVisualStudioVersion = 10.0.40219.1
Project("{262852C6-CD72-467D-83FE-5EEB1973A190}") = "BlankCordovaApp1", "BlankCordovaApp1\BlankCordovaApp1.jsproj", "{5490838E-945A-4473-8F8F-B36E969C8448}"
EndProject
Global
	GlobalSection(SolutionConfigurationPlatforms) = preSolution
		Debug|Android = Debug|Android
		Debug|iOS = Debug|iOS
		Debug|Windows-ARM = Debug|Windows-ARM
		Debug|Windows-x64 = Debug|Windows-x64
		Debug|Windows-x86 = Debug|Windows-x86
		Release|Android = Release|Android
		Release|iOS = Release|iOS
		Release|Windows-ARM = Release|Windows-ARM
		Release|Windows-x64 = Release|Windows-x64
		Release|Windows-x86 = Release|Windows-x86
	EndGlobalSection
	GlobalSection(ProjectConfigurationPlatforms) = postSolution
		{5490838E-945A-4473-8F8F-B36E969C8448}.Debug|Android.ActiveCfg = Debug|Android
		{5490838E-945A-4473-8F8F-B36E969C8448}.Debug|Android.Build.0 = Debug|Android
		{5490838E-945A-4473-8F8F-B36E969C8448}.Debug|Android.Deploy.0 = Debug|Android
		{5490838E-945A-4473-8F8F-B36E969C8448}.Debug|iOS.ActiveCfg = Debug|iOS
		{5490838E-945A-4473-8F8F-B36E969C8448}.Debug|iOS.Build.0 = Debug|iOS
		{5490838E-945A-4473-8F8F-B36E969C8448}.Debug|iOS.Deploy.0 = Debug|iOS
		{5490838E-945A-4473-8F8F-B36E969C8448}.Debug|Windows-ARM.ActiveCfg = Debug|Windows-ARM
		{5490838E-945A-4473-8F8F-B36E969C8448}.Debug|Windows-ARM.Build.0 = Debug|Windows-ARM
		{5490838E-945A-4473-8F8F-B36E969C8448}.Debug|Windows-ARM.Deploy.0 = Debug|Windows-ARM
		{5490838E-945A-4473-8F8F-B36E969C8448}.Debug|Windows-x64.ActiveCfg = Debug|Windows-x64
		{5490838E-945A-4473-8F8F-B36E969C8448}.Debug|Windows-x64.Build.0 = Debug|Windows-x64
		{5490838E-945A-4473-8F8F-B36E969C8448}.Debug|Windows-x64.Deploy.0 = Debug|Windows-x64
		{5490838E-945A-4473-8F8F-B36E969C8448}.Debug|Windows-x86.ActiveCfg = Debug|Windows-x86
		{5490838E-945A-4473-8F8F-B36E969C8448}.Debug|Windows-x86.Build.0 = Debug|Windows-x86
		{5490838E-945A-4473-8F8F-B36E969C8448}.Debug|Windows-x86.Deploy.0 = Debug|Windows-x86
		{5490838E-945A-4473-8F8F-B36E969C8448}.Release|Android.ActiveCfg = Release|Android
		{5490838E-945A-4473-8F8F-B36E969C8448}.Release|Android.Build.0 = Release|Android
		{5490838E-945A-4473-8F8F-B36E969C8448}.Release|Android.Deploy.0 = Release|Android
		{5490838E-945A-4473-8F8F-B36E969C8448}.Release|iOS.ActiveCfg = Release|iOS
		{5490838E-945A-4473-8F8F-B36E969C8448}.Release|iOS.Build.0 = Release|iOS
		{5490838E-945A-4473-8F8F-B36E969C8448}.Release|iOS.Deploy.0 = Release|iOS
		{5490838E-945A-4473-8F8F-B36E969C8448}.Release|Windows-ARM.ActiveCfg = Release|Windows-ARM
		{5490838E-945A-4473-8F8F-B36E969C8448}.Release|Windows-ARM.Build.0 = Release|Windows-ARM
		{5490838E-945A-4473-8F8F-B36E969C8448}.Release|Windows-ARM.Deploy.0 = Release|Windows-ARM
		{5490838E-945A-4473-8F8F-B36E969C8448}.Release|Windows-x64.ActiveCfg = Release|Windows-x64
		{5490838E-945A-4473-8F8F-B36E969C8448}.Release|Windows-x64.Build.0 = Release|Windows-x64
		{5490838E-945A-4473-8F8F-B36E969C8448}.Release|Windows-x64.Deploy.0 = Release|Windows-x64
		{5490838E-945A-4473-8F8F-B36E969C8448}.Release|Windows-x86.ActiveCfg = Release|Windows-x86
		{5490838E-945A-4473-8F8F-B36E969C8448}.Release|Windows-x86.Build.0 = Release|Windows-x86
		{5490838E-945A-4473-8F8F-B36E969C8448}.Release|Windows-x86.Deploy.0 = Release|Windows-x86
	EndGlobalSection
	GlobalSection(SolutionProperties) = preSolution
		HideSolutionNode = FALSE
	EndGlobalSection
	GlobalSection(ExtensibilityGlobals) = postSolution
		SolutionGuid = {6E58C75F-9196-43F0-9C2E-5641FD6FF0A0}
	EndGlobalSection
EndGlobal
